
Microsoft Visual Studio Solution File, Format Version 12.00
# Visual Studio Version 16
VisualStudioVersion = 16.0.30717.126
MinimumVisualStudioVersion = 10.0.40219.1
Project("{FAE04EC0-301F-11D3-BF4B-00C04F79EFBC}") = "TecWeb", "TecWeb.csproj", "{836B5867-E4CD-4484-AAE8-7AA7102D437D}"
EndProject
Global
	GlobalSection(SolutionConfigurationPlatforms) = preSolution
		Debug|Any CPU = Debug|Any CPU
		Release|Any CPU = Release|Any CPU
	EndGlobalSection
	GlobalSection(ProjectConfigurationPlatforms) = postSolution
		{836B5867-E4CD-4484-AAE8-7AA7102D437D}.Debug|Any CPU.ActiveCfg = Debug|Any CPU
		{836B5867-E4CD-4484-AAE8-7AA7102D437D}.Debug|Any CPU.Build.0 = Debug|Any CPU
		{836B5867-E4CD-4484-AAE8-7AA7102D437D}.Release|Any CPU.ActiveCfg = Release|Any CPU
		{836B5867-E4CD-4484-AAE8-7AA7102D437D}.Release|Any CPU.Build.0 = Release|Any CPU
	EndGlobalSection
	GlobalSection(SolutionProperties) = preSolution
		HideSolutionNode = FALSE
	EndGlobalSection
	GlobalSection(ExtensibilityGlobals) = postSolution
		SolutionGuid = {CE14BB0C-55BF-4BBA-A05E-F9E75D10CEE7}
	EndGlobalSection
EndGlobal
